
Microsoft Visual Studio Solution File, Format Version 12.00
# Visual Studio Version 16
VisualStudioVersion = 16.0.30204.135
MinimumVisualStudioVersion = 10.0.40219.1
Project("{9A19103F-16F7-4668-BE54-9A1E7A4F7556}") = "Core", "Core\Core.csproj", "{68F0AE66-91AF-4DEA-B9A1-90118DBA7893}"
EndProject
Project("{9A19103F-16F7-4668-BE54-9A1E7A4F7556}") = "Site", "Site\Site.csproj", "{974F055B-42FE-40B1-A1B0-30C9EE4F5B0F}"
EndProject
Project("{9A19103F-16F7-4668-BE54-9A1E7A4F7556}") = "Tests", "Tests\Tests.csproj", "{7356E981-4CC0-4985-B2C1-5541AE029A55}"
EndProject
Global
	GlobalSection(SolutionConfigurationPlatforms) = preSolution
		Debug|Any CPU = Debug|Any CPU
		Release|Any CPU = Release|Any CPU
	EndGlobalSection
	GlobalSection(ProjectConfigurationPlatforms) = postSolution
		{68F0AE66-91AF-4DEA-B9A1-90118DBA7893}.Debug|Any CPU.ActiveCfg = Debug|Any CPU
		{68F0AE66-91AF-4DEA-B9A1-90118DBA7893}.Debug|Any CPU.Build.0 = Debug|Any CPU
		{68F0AE66-91AF-4DEA-B9A1-90118DBA7893}.Release|Any CPU.ActiveCfg = Release|Any CPU
		{68F0AE66-91AF-4DEA-B9A1-90118DBA7893}.Release|Any CPU.Build.0 = Release|Any CPU
		{974F055B-42FE-40B1-A1B0-30C9EE4F5B0F}.Debug|Any CPU.ActiveCfg = Debug|Any CPU
		{974F055B-42FE-40B1-A1B0-30C9EE4F5B0F}.Debug|Any CPU.Build.0 = Debug|Any CPU
		{974F055B-42FE-40B1-A1B0-30C9EE4F5B0F}.Release|Any CPU.ActiveCfg = Release|Any CPU
		{974F055B-42FE-40B1-A1B0-30C9EE4F5B0F}.Release|Any CPU.Build.0 = Release|Any CPU
		{7356E981-4CC0-4985-B2C1-5541AE029A55}.Debug|Any CPU.ActiveCfg = Debug|Any CPU
		{7356E981-4CC0-4985-B2C1-5541AE029A55}.Debug|Any CPU.Build.0 = Debug|Any CPU
		{7356E981-4CC0-4985-B2C1-5541AE029A55}.Release|Any CPU.ActiveCfg = Release|Any CPU
		{7356E981-4CC0-4985-B2C1-5541AE029A55}.Release|Any CPU.Build.0 = Release|Any CPU
	EndGlobalSection
	GlobalSection(SolutionProperties) = preSolution
		HideSolutionNode = FALSE
	EndGlobalSection
	GlobalSection(ExtensibilityGlobals) = postSolution
		SolutionGuid = {5291CDC0-3174-495B-B59F-36DE8A55242D}
	EndGlobalSection
EndGlobal
